
Microsoft Visual Studio Solution File, Format Version 12.00
# Visual Studio Version 17
VisualStudioVersion = 17.8.34511.84
MinimumVisualStudioVersion = 10.0.40219.1
Project("{9A19103F-16F7-4668-BE54-9A1E7A4F7556}") = "ChalktBoardChat.UI", "ChalktBoardChat.UI\ChalktBoardChat.UI.csproj", "{887CD282-8C04-413C-A965-AF99312861D2}"
EndProject
Project("{9A19103F-16F7-4668-BE54-9A1E7A4F7556}") = "Chalkboard.App", "Chalkboard.App\Chalkboard.App.csproj", "{9E02417F-5D8E-47CE-AA37-83D3A091848B}"
EndProject
Project("{9A19103F-16F7-4668-BE54-9A1E7A4F7556}") = "ChackBoard.Data", "ChackBoard.Data\ChackBoard.Data.csproj", "{28449CFA-4F14-46AC-877E-F5848B9081E9}"
EndProject
Global
	GlobalSection(SolutionConfigurationPlatforms) = preSolution
		Debug|Any CPU = Debug|Any CPU
		Release|Any CPU = Release|Any CPU
	EndGlobalSection
	GlobalSection(ProjectConfigurationPlatforms) = postSolution
		{887CD282-8C04-413C-A965-AF99312861D2}.Debug|Any CPU.ActiveCfg = Debug|Any CPU
		{887CD282-8C04-413C-A965-AF99312861D2}.Debug|Any CPU.Build.0 = Debug|Any CPU
		{887CD282-8C04-413C-A965-AF99312861D2}.Release|Any CPU.ActiveCfg = Release|Any CPU
		{887CD282-8C04-413C-A965-AF99312861D2}.Release|Any CPU.Build.0 = Release|Any CPU
		{9E02417F-5D8E-47CE-AA37-83D3A091848B}.Debug|Any CPU.ActiveCfg = Debug|Any CPU
		{9E02417F-5D8E-47CE-AA37-83D3A091848B}.Debug|Any CPU.Build.0 = Debug|Any CPU
		{9E02417F-5D8E-47CE-AA37-83D3A091848B}.Release|Any CPU.ActiveCfg = Release|Any CPU
		{9E02417F-5D8E-47CE-AA37-83D3A091848B}.Release|Any CPU.Build.0 = Release|Any CPU
		{28449CFA-4F14-46AC-877E-F5848B9081E9}.Debug|Any CPU.ActiveCfg = Debug|Any CPU
		{28449CFA-4F14-46AC-877E-F5848B9081E9}.Debug|Any CPU.Build.0 = Debug|Any CPU
		{28449CFA-4F14-46AC-877E-F5848B9081E9}.Release|Any CPU.ActiveCfg = Release|Any CPU
		{28449CFA-4F14-46AC-877E-F5848B9081E9}.Release|Any CPU.Build.0 = Release|Any CPU
	EndGlobalSection
	GlobalSection(SolutionProperties) = preSolution
		HideSolutionNode = FALSE
	EndGlobalSection
	GlobalSection(ExtensibilityGlobals) = postSolution
		SolutionGuid = {E3FC00E2-C17A-4258-AA09-F1B357DFEBD9}
	EndGlobalSection
EndGlobal
